{
    "_meta": {
        "hash": {
            "sha256": "ed2d910cca3c05287b6a84293e4b8af7c3c4805394027017b138846be4b99141"
        },
        "pipfile-spec": 6,
        "requires": {
            "python_version": "3.9"
        },
        "sources": [
            {
                "name": "pypi",
                "url": "https://pypi.org/simple",
                "verify_ssl": true
            }
        ]
    },
    "default": {
        "dbus-python": {
            "hashes": [
                "sha256:11238f1d86c995d8aed2e22f04a1e3779f0d70e587caffeab4857f3c662ed5a4"
            ],
            "index": "pypi",
            "version": "==1.2.16"
        },
        "pulsectl": {
            "hashes": [
                "sha256:594cf0eab87c9e1e8e348e9227e28b83c2f083b1c94395511403de33eecffc56",
                "sha256:8eef4dbfc97d984e63fd609a3f690d005173ec5342be88d10f67dd507affdf32"
            ],
            "version": "==21.9.1"
        },
        "pulsectl-asyncio": {
            "hashes": [
                "sha256:99cd909cb3ad41eef1730950432f51e0f5408b46f6260bd0dcefb1797763ee98",
                "sha256:e934533a4f744f64f6f843aadd41c36964118889fa65c569afd634c0110040eb"
            ],
            "index": "pypi",
            "version": "==0.1.8"
        },
        "pyserial": {
            "hashes": [
                "sha256:3c77e014170dfffbd816e6ffc205e9842efb10be9f58ec16d3e8675b4925cddb",
                "sha256:c4451db6ba391ca6ca299fb3ec7bae67a5c55dde170964c7a14ceefec02f2cf0"
            ],
            "index": "pypi",
            "version": "==3.5"
        }
    },
    "develop": {}
}
